
Microsoft Visual Studio Solution File, Format Version 12.00
# Visual Studio Version 17
VisualStudioVersion = 17.11.35327.3
MinimumVisualStudioVersion = 10.0.40219.1
Project("{2150E333-8FDC-42A3-9474-1A3956D46DE8}") = "src", "src", "{3A619CA8-43E7-46CA-BE7D-7D30EE192652}"
EndProject
Project("{9A19103F-16F7-4668-BE54-9A1E7A4F7556}") = "Produıcer.API", "Produıcer.API\Produıcer.API.csproj", "{55DCD2B0-9BE9-43EF-BDC1-A2D9AA43DE48}"
EndProject
Project("{9A19103F-16F7-4668-BE54-9A1E7A4F7556}") = "Consumer.API", "Consumer.API\Consumer.API.csproj", "{BFE11073-CD6A-4063-A54A-5A617F0A30ED}"
EndProject
Project("{2150E333-8FDC-42A3-9474-1A3956D46DE8}") = "libs", "libs", "{76B6D1B9-9E1B-4865-8729-661CB8DC65E2}"
EndProject
Project("{9A19103F-16F7-4668-BE54-9A1E7A4F7556}") = "Messaging", "Messaging\Messaging.csproj", "{3F6FE197-0ECF-4029-A82D-5FAB0A59BEC6}"
EndProject
Project("{2150E333-8FDC-42A3-9474-1A3956D46DE8}") = "tests", "tests", "{9421A8C5-C8D1-49D9-8A97-326685F7A017}"
EndProject
Project("{FAE04EC0-301F-11D3-BF4B-00C04F79EFBC}") = "Notification.API", "Notification.API\Notification.API.csproj", "{D24712D4-6BF6-489A-85A0-70589C6230C4}"
EndProject
Global
	GlobalSection(SolutionConfigurationPlatforms) = preSolution
		Debug|Any CPU = Debug|Any CPU
		Release|Any CPU = Release|Any CPU
	EndGlobalSection
	GlobalSection(ProjectConfigurationPlatforms) = postSolution
		{55DCD2B0-9BE9-43EF-BDC1-A2D9AA43DE48}.Debug|Any CPU.ActiveCfg = Debug|Any CPU
		{55DCD2B0-9BE9-43EF-BDC1-A2D9AA43DE48}.Debug|Any CPU.Build.0 = Debug|Any CPU
		{55DCD2B0-9BE9-43EF-BDC1-A2D9AA43DE48}.Release|Any CPU.ActiveCfg = Release|Any CPU
		{55DCD2B0-9BE9-43EF-BDC1-A2D9AA43DE48}.Release|Any CPU.Build.0 = Release|Any CPU
		{BFE11073-CD6A-4063-A54A-5A617F0A30ED}.Debug|Any CPU.ActiveCfg = Debug|Any CPU
		{BFE11073-CD6A-4063-A54A-5A617F0A30ED}.Debug|Any CPU.Build.0 = Debug|Any CPU
		{BFE11073-CD6A-4063-A54A-5A617F0A30ED}.Release|Any CPU.ActiveCfg = Release|Any CPU
		{BFE11073-CD6A-4063-A54A-5A617F0A30ED}.Release|Any CPU.Build.0 = Release|Any CPU
		{3F6FE197-0ECF-4029-A82D-5FAB0A59BEC6}.Debug|Any CPU.ActiveCfg = Debug|Any CPU
		{3F6FE197-0ECF-4029-A82D-5FAB0A59BEC6}.Debug|Any CPU.Build.0 = Debug|Any CPU
		{3F6FE197-0ECF-4029-A82D-5FAB0A59BEC6}.Release|Any CPU.ActiveCfg = Release|Any CPU
		{3F6FE197-0ECF-4029-A82D-5FAB0A59BEC6}.Release|Any CPU.Build.0 = Release|Any CPU
		{D24712D4-6BF6-489A-85A0-70589C6230C4}.Debug|Any CPU.ActiveCfg = Debug|Any CPU
		{D24712D4-6BF6-489A-85A0-70589C6230C4}.Debug|Any CPU.Build.0 = Debug|Any CPU
		{D24712D4-6BF6-489A-85A0-70589C6230C4}.Release|Any CPU.ActiveCfg = Release|Any CPU
		{D24712D4-6BF6-489A-85A0-70589C6230C4}.Release|Any CPU.Build.0 = Release|Any CPU
	EndGlobalSection
	GlobalSection(SolutionProperties) = preSolution
		HideSolutionNode = FALSE
	EndGlobalSection
	GlobalSection(NestedProjects) = preSolution
		{55DCD2B0-9BE9-43EF-BDC1-A2D9AA43DE48} = {3A619CA8-43E7-46CA-BE7D-7D30EE192652}
		{BFE11073-CD6A-4063-A54A-5A617F0A30ED} = {3A619CA8-43E7-46CA-BE7D-7D30EE192652}
		{3F6FE197-0ECF-4029-A82D-5FAB0A59BEC6} = {76B6D1B9-9E1B-4865-8729-661CB8DC65E2}
		{D24712D4-6BF6-489A-85A0-70589C6230C4} = {3A619CA8-43E7-46CA-BE7D-7D30EE192652}
	EndGlobalSection
	GlobalSection(ExtensibilityGlobals) = postSolution
		SolutionGuid = {C2131B44-BF58-4DA7-9706-E4C0BA7430D7}
	EndGlobalSection
EndGlobal
